// !$*UTF8*$!
{
	archiveVersion = 1;
	classes = {
	};
	objectVersion = 50;
	objects = {

/* Begin PBXBuildFile section */
		5BFBB19924D88E5000F5DB38 /* AppDelegate.swift in Sources */ = {isa = PBXBuildFile; fileRef = 5BFBB19824D88E5000F5DB38 /* AppDelegate.swift */; };
		5BFBB19B24D88E5000F5DB38 /* SceneDelegate.swift in Sources */ = {isa = PBXBuildFile; fileRef = 5BFBB19A24D88E5000F5DB38 /* SceneDelegate.swift */; };
		5BFBB19D24D88E5000F5DB38 /* ViewController.swift in Sources */ = {isa = PBXBuildFile; fileRef = 5BFBB19C24D88E5000F5DB38 /* ViewController.swift */; };
		5BFBB1A024D88E5000F5DB38 /* Main.storyboard in Resources */ = {isa = PBXBuildFile; fileRef = 5BFBB19E24D88E5000F5DB38 /* Main.storyboard */; };
		5BFBB1A224D88E5100F5DB38 /* Assets.xcassets in Resources */ = {isa = PBXBuildFile; fileRef = 5BFBB1A124D88E5100F5DB38 /* Assets.xcassets */; };
		5BFBB1A524D88E5100F5DB38 /* LaunchScreen.storyboard in Resources */ = {isa = PBXBuildFile; fileRef = 5BFBB1A324D88E5100F5DB38 /* LaunchScreen.storyboard */; };
		5BFBB1B024D88E5200F5DB38 /* Nilah_M_Pizza_ExerciseTests.swift in Sources */ = {isa = PBXBuildFile; fileRef = 5BFBB1AF24D88E5200F5DB38 /* Nilah_M_Pizza_ExerciseTests.swift */; };
		5BFBB1BB24D88E5200F5DB38 /* Nilah_M_Pizza_ExerciseUITests.swift in Sources */ = {isa = PBXBuildFile; fileRef = 5BFBB1BA24D88E5200F5DB38 /* Nilah_M_Pizza_ExerciseUITests.swift */; };
		5BFBB1CF24D9BB0100F5DB38 /* model.swift in Sources */ = {isa = PBXBuildFile; fileRef = 5BFBB1CE24D9BB0100F5DB38 /* model.swift */; };
		5BFBB3C124DF91F700F5DB38 /* istockphoto-1142841922-170667a.jpg in Resources */ = {isa = PBXBuildFile; fileRef = 5BFBB3C024DF91F700F5DB38 /* istockphoto-1142841922-170667a.jpg */; };
		5BFBB47724E090B500F5DB38 /* SecondViewController.swift in Sources */ = {isa = PBXBuildFile; fileRef = 5BFBB47624E090B500F5DB38 /* SecondViewController.swift */; };
		5BFBB47924E090D000F5DB38 /* ThirdViewController.swift in Sources */ = {isa = PBXBuildFile; fileRef = 5BFBB47824E090D000F5DB38 /* ThirdViewController.swift */; };
		5BFBB47B24E090E300F5DB38 /* FourthViewController.swift in Sources */ = {isa = PBXBuildFile; fileRef = 5BFBB47A24E090E300F5DB38 /* FourthViewController.swift */; };
/* End PBXBuildFile section */

/* Begin PBXContainerItemProxy section */
		5BFBB1AC24D88E5200F5DB38 /* PBXContainerItemProxy */ = {
			isa = PBXContainerItemProxy;
			containerPortal = 5BFBB18D24D88E5000F5DB38 /* Project object */;
			proxyType = 1;
			remoteGlobalIDString = 5BFBB19424D88E5000F5DB38;
			remoteInfo = Nilah_M_Pizza_Exercise;
		};
		5BFBB1B724D88E5200F5DB38 /* PBXContainerItemProxy */ = {
			isa = PBXContainerItemProxy;
			containerPortal = 5BFBB18D24D88E5000F5DB38 /* Project object */;
			proxyType = 1;
			remoteGlobalIDString = 5BFBB19424D88E5000F5DB38;
			remoteInfo = Nilah_M_Pizza_Exercise;
		};
/* End PBXContainerItemProxy section */

/* Begin PBXFileReference section */
		5BFBB19524D88E5000F5DB38 /* Nilah_M_Pizza_Exercise.app */ = {isa = PBXFileReference; explicitFileType = wrapper.application; includeInIndex = 0; path = Nilah_M_Pizza_Exercise.app; sourceTree = BUILT_PRODUCTS_DIR; };
		5BFBB19824D88E5000F5DB38 /* AppDelegate.swift */ = {isa = PBXFileReference; lastKnownFileType = sourcecode.swift; path = AppDelegate.swift; sourceTree = "<group>"; };
		5BFBB19A24D88E5000F5DB38 /* SceneDelegate.swift */ = {isa = PBXFileReference; lastKnownFileType = sourcecode.swift; path = SceneDelegate.swift; sourceTree = "<group>"; };
		5BFBB19C24D88E5000F5DB38 /* ViewController.swift */ = {isa = PBXFileReference; lastKnownFileType = sourcecode.swift; path = ViewController.swift; sourceTree = "<group>"; };
		5BFBB19F24D88E5000F5DB38 /* Base */ = {isa = PBXFileReference; lastKnownFileType = file.storyboard; name = Base; path = Base.lproj/Main.storyboard; sourceTree = "<group>"; };
		5BFBB1A124D88E5100F5DB38 /* Assets.xcassets */ = {isa = PBXFileReference; lastKnownFileType = folder.assetcatalog; path = Assets.xcassets; sourceTree = "<group>"; };
		5BFBB1A424D88E5100F5DB38 /* Base */ = {isa = PBXFileReference; lastKnownFileType = file.storyboard; name = Base; path = Base.lproj/LaunchScreen.storyboard; sourceTree = "<group>"; };
		5BFBB1A624D88E5100F5DB38 /* Info.plist */ = {isa = PBXFileReference; lastKnownFileType = text.plist.xml; path = Info.plist; sourceTree = "<group>"; };
		5BFBB1AB24D88E5200F5DB38 /* Nilah_M_Pizza_ExerciseTests.xctest */ = {isa = PBXFileReference; explicitFileType = wrapper.cfbundle; includeInIndex = 0; path = Nilah_M_Pizza_ExerciseTests.xctest; sourceTree = BUILT_PRODUCTS_DIR; };
		5BFBB1AF24D88E5200F5DB38 /* Nilah_M_Pizza_ExerciseTests.swift */ = {isa = PBXFileReference; lastKnownFileType = sourcecode.swift; path = Nilah_M_Pizza_ExerciseTests.swift; sourceTree = "<group>"; };
		5BFBB1B124D88E5200F5DB38 /* Info.plist */ = {isa = PBXFileReference; lastKnownFileType = text.plist.xml; path = Info.plist; sourceTree = "<group>"; };
		5BFBB1B624D88E5200F5DB38 /* Nilah_M_Pizza_ExerciseUITests.xctest */ = {isa = PBXFileReference; explicitFileType = wrapper.cfbundle; includeInIndex = 0; path = Nilah_M_Pizza_ExerciseUITests.xctest; sourceTree = BUILT_PRODUCTS_DIR; };
		5BFBB1BA24D88E5200F5DB38 /* Nilah_M_Pizza_ExerciseUITests.swift */ = {isa = PBXFileReference; lastKnownFileType = sourcecode.swift; path = Nilah_M_Pizza_ExerciseUITests.swift; sourceTree = "<group>"; };
		5BFBB1BC24D88E5200F5DB38 /* Info.plist */ = {isa = PBXFileReference; lastKnownFileType = text.plist.xml; path = Info.plist; sourceTree = "<group>"; };
		5BFBB1CE24D9BB0100F5DB38 /* model.swift */ = {isa = PBXFileReference; lastKnownFileType = sourcecode.swift; name = model.swift; path = ../model.swift; sourceTree = "<group>"; };
		5BFBB3C024DF91F700F5DB38 /* istockphoto-1142841922-170667a.jpg */ = {isa = PBXFileReference; lastKnownFileType = image.jpeg; path = "istockphoto-1142841922-170667a.jpg"; sourceTree = "<group>"; };
		5BFBB47624E090B500F5DB38 /* SecondViewController.swift */ = {isa = PBXFileReference; lastKnownFileType = sourcecode.swift; path = SecondViewController.swift; sourceTree = "<group>"; };
		5BFBB47824E090D000F5DB38 /* ThirdViewController.swift */ = {isa = PBXFileReference; lastKnownFileType = sourcecode.swift; path = ThirdViewController.swift; sourceTree = "<group>"; };
		5BFBB47A24E090E300F5DB38 /* FourthViewController.swift */ = {isa = PBXFileReference; lastKnownFileType = sourcecode.swift; path = FourthViewController.swift; sourceTree = "<group>"; };
/* End PBXFileReference section */

/* Begin PBXFrameworksBuildPhase section */
		5BFBB19224D88E5000F5DB38 /* Frameworks */ = {
			isa = PBXFrameworksBuildPhase;
			buildActionMask = 2147483647;
			files = (
			);
			runOnlyForDeploymentPostprocessing = 0;
		};
		5BFBB1A824D88E5200F5DB38 /* Frameworks */ = {
			isa = PBXFrameworksBuildPhase;
			buildActionMask = 2147483647;
			files = (
			);
			runOnlyForDeploymentPostprocessing = 0;
		};
		5BFBB1B324D88E5200F5DB38 /* Frameworks */ = {
			isa = PBXFrameworksBuildPhase;
			buildActionMask = 2147483647;
			files = (
			);
			runOnlyForDeploymentPostprocessing = 0;
		};
/* End PBXFrameworksBuildPhase section */

/* Begin PBXGroup section */
		5BFBB18C24D88E5000F5DB38 = {
			isa = PBXGroup;
			children = (
				5BFBB19724D88E5000F5DB38 /* Nilah_M_Pizza_Exercise */,
				5BFBB1AE24D88E5200F5DB38 /* Nilah_M_Pizza_ExerciseTests */,
				5BFBB1B924D88E5200F5DB38 /* Nilah_M_Pizza_ExerciseUITests */,
				5BFBB19624D88E5000F5DB38 /* Products */,
			);
			sourceTree = "<group>";
		};
		5BFBB19624D88E5000F5DB38 /* Products */ = {
			isa = PBXGroup;
			children = (
				5BFBB19524D88E5000F5DB38 /* Nilah_M_Pizza_Exercise.app */,
				5BFBB1AB24D88E5200F5DB38 /* Nilah_M_Pizza_ExerciseTests.xctest */,
				5BFBB1B624D88E5200F5DB38 /* Nilah_M_Pizza_ExerciseUITests.xctest */,
			);
			name = Products;
			sourceTree = "<group>";
		};
		5BFBB19724D88E5000F5DB38 /* Nilah_M_Pizza_Exercise */ = {
			isa = PBXGroup;
			children = (
				5BFBB1CE24D9BB0100F5DB38 /* model.swift */,
				5BFBB19824D88E5000F5DB38 /* AppDelegate.swift */,
				5BFBB19A24D88E5000F5DB38 /* SceneDelegate.swift */,
				5BFBB19C24D88E5000F5DB38 /* ViewController.swift */,
				5BFBB19E24D88E5000F5DB38 /* Main.storyboard */,
				5BFBB47624E090B500F5DB38 /* SecondViewController.swift */,
				5BFBB47824E090D000F5DB38 /* ThirdViewController.swift */,
				5BFBB47A24E090E300F5DB38 /* FourthViewController.swift */,
				5BFBB1A124D88E5100F5DB38 /* Assets.xcassets */,
				5BFBB3C024DF91F700F5DB38 /* istockphoto-1142841922-170667a.jpg */,
				5BFBB1A324D88E5100F5DB38 /* LaunchScreen.storyboard */,
				5BFBB1A624D88E5100F5DB38 /* Info.plist */,
			);
			path = Nilah_M_Pizza_Exercise;
			sourceTree = "<group>";
		};
		5BFBB1AE24D88E5200F5DB38 /* Nilah_M_Pizza_ExerciseTests */ = {
			isa = PBXGroup;
			children = (
				5BFBB1AF24D88E5200F5DB38 /* Nilah_M_Pizza_ExerciseTests.swift */,
				5BFBB1B124D88E5200F5DB38 /* Info.plist */,
			);
			path = Nilah_M_Pizza_ExerciseTests;
			sourceTree = "<group>";
		};
		5BFBB1B924D88E5200F5DB38 /* Nilah_M_Pizza_ExerciseUITests */ = {
			isa = PBXGroup;
			children = (
				5BFBB1BA24D88E5200F5DB38 /* Nilah_M_Pizza_ExerciseUITests.swift */,
				5BFBB1BC24D88E5200F5DB38 /* Info.plist */,
			);
			path = Nilah_M_Pizza_ExerciseUITests;
			sourceTree = "<group>";
		};
/* End PBXGroup section */

/* Begin PBXNativeTarget section */
		5BFBB19424D88E5000F5DB38 /* Nilah_M_Pizza_Exercise */ = {
			isa = PBXNativeTarget;
			buildConfigurationList = 5BFBB1BF24D88E5200F5DB38 /* Build configuration list for PBXNativeTarget "Nilah_M_Pizza_Exercise" */;
			buildPhases = (
				5BFBB19124D88E5000F5DB38 /* Sources */,
				5BFBB19224D88E5000F5DB38 /* Frameworks */,
				5BFBB19324D88E5000F5DB38 /* Resources */,
			);
			buildRules = (
			);
			dependencies = (
			);
			name = Nilah_M_Pizza_Exercise;
			productName = Nilah_M_Pizza_Exercise;
			productReference = 5BFBB19524D88E5000F5DB38 /* Nilah_M_Pizza_Exercise.app */;
			productType = "com.apple.product-type.application";
		};
		5BFBB1AA24D88E5200F5DB38 /* Nilah_M_Pizza_ExerciseTests */ = {
			isa = PBXNativeTarget;
			buildConfigurationList = 5BFBB1C224D88E5200F5DB38 /* Build configuration list for PBXNativeTarget "Nilah_M_Pizza_ExerciseTests" */;
			buildPhases = (
				5BFBB1A724D88E5200F5DB38 /* Sources */,
				5BFBB1A824D88E5200F5DB38 /* Frameworks */,
				5BFBB1A924D88E5200F5DB38 /* Resources */,
			);
			buildRules = (
			);
			dependencies = (
				5BFBB1AD24D88E5200F5DB38 /* PBXTargetDependency */,
			);
			name = Nilah_M_Pizza_ExerciseTests;
			productName = Nilah_M_Pizza_ExerciseTests;
			productReference = 5BFBB1AB24D88E5200F5DB38 /* Nilah_M_Pizza_ExerciseTests.xctest */;
			productType = "com.apple.product-type.bundle.unit-test";
		};
		5BFBB1B524D88E5200F5DB38 /* Nilah_M_Pizza_ExerciseUITests */ = {
			isa = PBXNativeTarget;
			buildConfigurationList = 5BFBB1C524D88E5200F5DB38 /* Build configuration list for PBXNativeTarget "Nilah_M_Pizza_ExerciseUITests" */;
			buildPhases = (
				5BFBB1B224D88E5200F5DB38 /* Sources */,
				5BFBB1B324D88E5200F5DB38 /* Frameworks */,
				5BFBB1B424D88E5200F5DB38 /* Resources */,
			);
			buildRules = (
			);
			dependencies = (
				5BFBB1B824D88E5200F5DB38 /* PBXTargetDependency */,
			);
			name = Nilah_M_Pizza_ExerciseUITests;
			productName = Nilah_M_Pizza_ExerciseUITests;
			productReference = 5BFBB1B624D88E5200F5DB38 /* Nilah_M_Pizza_ExerciseUITests.xctest */;
			productType = "com.apple.product-type.bundle.ui-testing";
		};
/* End PBXNativeTarget section */

/* Begin PBXProject section */
		5BFBB18D24D88E5000F5DB38 /* Project object */ = {
			isa = PBXProject;
			attributes = {
				LastSwiftUpdateCheck = 1130;
				LastUpgradeCheck = 1130;
				ORGANIZATIONNAME = "Nilah Marshall";
				TargetAttributes = {
					5BFBB19424D88E5000F5DB38 = {
						CreatedOnToolsVersion = 11.3.1;
					};
					5BFBB1AA24D88E5200F5DB38 = {
						CreatedOnToolsVersion = 11.3.1;
						TestTargetID = 5BFBB19424D88E5000F5DB38;
					};
					5BFBB1B524D88E5200F5DB38 = {
						CreatedOnToolsVersion = 11.3.1;
						TestTargetID = 5BFBB19424D88E5000F5DB38;
					};
				};
			};
			buildConfigurationList = 5BFBB19024D88E5000F5DB38 /* Build configuration list for PBXProject "Nilah_M_Pizza_Exercise" */;
			compatibilityVersion = "Xcode 9.3";
			developmentRegion = en;
			hasScannedForEncodings = 0;
			knownRegions = (
				en,
				Base,
			);
			mainGroup = 5BFBB18C24D88E5000F5DB38;
			productRefGroup = 5BFBB19624D88E5000F5DB38 /* Products */;
			projectDirPath = "";
			projectRoot = "";
			targets = (
				5BFBB19424D88E5000F5DB38 /* Nilah_M_Pizza_Exercise */,
				5BFBB1AA24D88E5200F5DB38 /* Nilah_M_Pizza_ExerciseTests */,
				5BFBB1B524D88E5200F5DB38 /* Nilah_M_Pizza_ExerciseUITests */,
			);
		};
/* End PBXProject section */

/* Begin PBXResourcesBuildPhase section */
		5BFBB19324D88E5000F5DB38 /* Resources */ = {
			isa = PBXResourcesBuildPhase;
			buildActionMask = 2147483647;
			files = (
				5BFBB3C124DF91F700F5DB38 /* istockphoto-1142841922-170667a.jpg in Resources */,
				5BFBB1A524D88E5100F5DB38 /* LaunchScreen.storyboard in Resources */,
				5BFBB1A224D88E5100F5DB38 /* Assets.xcassets in Resources */,
				5BFBB1A024D88E5000F5DB38 /* Main.storyboard in Resources */,
			);
			runOnlyForDeploymentPostprocessing = 0;
		};
		5BFBB1A924D88E5200F5DB38 /* Resources */ = {
			isa = PBXResourcesBuildPhase;
			buildActionMask = 2147483647;
			files = (
			);
			runOnlyForDeploymentPostprocessing = 0;
		};
		5BFBB1B424D88E5200F5DB38 /* Resources */ = {
			isa = PBXResourcesBuildPhase;
			buildActionMask = 2147483647;
			files = (
			);
			runOnlyForDeploymentPostprocessing = 0;
		};
/* End PBXResourcesBuildPhase section */

/* Begin PBXSourcesBuildPhase section */
		5BFBB19124D88E5000F5DB38 /* Sources */ = {
			isa = PBXSourcesBuildPhase;
			buildActionMask = 2147483647;
			files = (
				5BFBB19D24D88E5000F5DB38 /* ViewController.swift in Sources */,
				5BFBB19924D88E5000F5DB38 /* AppDelegate.swift in Sources */,
				5BFBB19B24D88E5000F5DB38 /* SceneDelegate.swift in Sources */,
				5BFBB47B24E090E300F5DB38 /* FourthViewController.swift in Sources */,
				5BFBB47724E090B500F5DB38 /* SecondViewController.swift in Sources */,
				5BFBB47924E090D000F5DB38 /* ThirdViewController.swift in Sources */,
				5BFBB1CF24D9BB0100F5DB38 /* model.swift in Sources */,
			);
			runOnlyForDeploymentPostprocessing = 0;
		};
		5BFBB1A724D88E5200F5DB38 /* Sources */ = {
			isa = PBXSourcesBuildPhase;
			buildActionMask = 2147483647;
			files = (
				5BFBB1B024D88E5200F5DB38 /* Nilah_M_Pizza_ExerciseTests.swift in Sources */,
			);
			runOnlyForDeploymentPostprocessing = 0;
		};
		5BFBB1B224D88E5200F5DB38 /* Sources */ = {
			isa = PBXSourcesBuildPhase;
			buildActionMask = 2147483647;
			files = (
				5BFBB1BB24D88E5200F5DB38 /* Nilah_M_Pizza_ExerciseUITests.swift in Sources */,
			);
			runOnlyForDeploymentPostprocessing = 0;
		};
/* End PBXSourcesBuildPhase section */

/* Begin PBXTargetDependency section */
		5BFBB1AD24D88E5200F5DB38 /* PBXTargetDependency */ = {
			isa = PBXTargetDependency;
			target = 5BFBB19424D88E5000F5DB38 /* Nilah_M_Pizza_Exercise */;
			targetProxy = 5BFBB1AC24D88E5200F5DB38 /* PBXContainerItemProxy */;
		};
		5BFBB1B824D88E5200F5DB38 /* PBXTargetDependency */ = {
			isa = PBXTargetDependency;
			target = 5BFBB19424D88E5000F5DB38 /* Nilah_M_Pizza_Exercise */;
			targetProxy = 5BFBB1B724D88E5200F5DB38 /* PBXContainerItemProxy */;
		};
/* End PBXTargetDependency section */

/* Begin PBXVariantGroup section */
		5BFBB19E24D88E5000F5DB38 /* Main.storyboard */ = {
			isa = PBXVariantGroup;
			children = (
				5BFBB19F24D88E5000F5DB38 /* Base */,
			);
			name = Main.storyboard;
			sourceTree = "<group>";
		};
		5BFBB1A324D88E5100F5DB38 /* LaunchScreen.storyboard */ = {
			isa = PBXVariantGroup;
			children = (
				5BFBB1A424D88E5100F5DB38 /* Base */,
			);
			name = LaunchScreen.storyboard;
			sourceTree = "<group>";
		};
/* End PBXVariantGroup section */

/* Begin XCBuildConfiguration section */
		5BFBB1BD24D88E5200F5DB38 /* Debug */ = {
			isa = XCBuildConfiguration;
			buildSettings = {
				ALWAYS_SEARCH_USER_PATHS = NO;
				CLANG_ANALYZER_NONNULL = YES;
				CLANG_ANALYZER_NUMBER_OBJECT_CONVERSION = YES_AGGRESSIVE;
				CLANG_CXX_LANGUAGE_STANDARD = "gnu++14";
				CLANG_CXX_LIBRARY = "libc++";
				CLANG_ENABLE_MODULES = YES;
				CLANG_ENABLE_OBJC_ARC = YES;
				CLANG_ENABLE_OBJC_WEAK = YES;
				CLANG_WARN_BLOCK_CAPTURE_AUTORELEASING = YES;
				CLANG_WARN_BOOL_CONVERSION = YES;
				CLANG_WARN_COMMA = YES;
				CLANG_WARN_CONSTANT_CONVERSION = YES;
				CLANG_WARN_DEPRECATED_OBJC_IMPLEMENTATIONS = YES;
				CLANG_WARN_DIRECT_OBJC_ISA_USAGE = YES_ERROR;
				CLANG_WARN_DOCUMENTATION_COMMENTS = YES;
				CLANG_WARN_EMPTY_BODY = YES;
				CLANG_WARN_ENUM_CONVERSION = YES;
				CLANG_WARN_INFINITE_RECURSION = YES;
				CLANG_WARN_INT_CONVERSION = YES;
				CLANG_WARN_NON_LITERAL_NULL_CONVERSION = YES;
				CLANG_WARN_OBJC_IMPLICIT_RETAIN_SELF = YES;
				CLANG_WARN_OBJC_LITERAL_CONVERSION = YES;
				CLANG_WARN_OBJC_ROOT_CLASS = YES_ERROR;
				CLANG_WARN_RANGE_LOOP_ANALYSIS = YES;
				CLANG_WARN_STRICT_PROTOTYPES = YES;
				CLANG_WARN_SUSPICIOUS_MOVE = YES;
				CLANG_WARN_UNGUARDED_AVAILABILITY = YES_AGGRESSIVE;
				CLANG_WARN_UNREACHABLE_CODE = YES;
				CLANG_WARN__DUPLICATE_METHOD_MATCH = YES;
				COPY_PHASE_STRIP = NO;
				DEBUG_INFORMATION_FORMAT = dwarf;
				ENABLE_STRICT_OBJC_MSGSEND = YES;
				ENABLE_TESTABILITY = YES;
				GCC_C_LANGUAGE_STANDARD = gnu11;
				GCC_DYNAMIC_NO_PIC = NO;
				GCC_NO_COMMON_BLOCKS = YES;
				GCC_OPTIMIZATION_LEVEL = 0;
				GCC_PREPROCESSOR_DEFINITIONS = (
					"DEBUG=1",
					"$(inherited)",
				);
				GCC_WARN_64_TO_32_BIT_CONVERSION = YES;
				GCC_WARN_ABOUT_RETURN_TYPE = YES_ERROR;
				GCC_WARN_UNDECLARED_SELECTOR = YES;
				GCC_WARN_UNINITIALIZED_AUTOS = YES_AGGRESSIVE;
				GCC_WARN_UNUSED_FUNCTION = YES;
				GCC_WARN_UNUSED_VARIABLE = YES;
				IPHONEOS_DEPLOYMENT_TARGET = 13.2;
				MTL_ENABLE_DEBUG_INFO = INCLUDE_SOURCE;
				MTL_FAST_MATH = YES;
				ONLY_ACTIVE_ARCH = YES;
				SDKROOT = iphoneos;
				SWIFT_ACTIVE_COMPILATION_CONDITIONS = DEBUG;
				SWIFT_OPTIMIZATION_LEVEL = "-Onone";
			};
			name = Debug;
		};
		5BFBB1BE24D88E5200F5DB38 /* Release */ = {
			isa = XCBuildConfiguration;
			buildSettings = {
				ALWAYS_SEARCH_USER_PATHS = NO;
				CLANG_ANALYZER_NONNULL = YES;
				CLANG_ANALYZER_NUMBER_OBJECT_CONVERSION = YES_AGGRESSIVE;
				CLANG_CXX_LANGUAGE_STANDARD = "gnu++14";
				CLANG_CXX_LIBRARY = "libc++";
				CLANG_ENABLE_MODULES = YES;
				CLANG_ENABLE_OBJC_ARC = YES;
				CLANG_ENABLE_OBJC_WEAK = YES;
				CLANG_WARN_BLOCK_CAPTURE_AUTORELEASING = YES;
				CLANG_WARN_BOOL_CONVERSION = YES;
				CLANG_WARN_COMMA = YES;
				CLANG_WARN_CONSTANT_CONVERSION = YES;
				CLANG_WARN_DEPRECATED_OBJC_IMPLEMENTATIONS = YES;
				CLANG_WARN_DIRECT_OBJC_ISA_USAGE = YES_ERROR;
				CLANG_WARN_DOCUMENTATION_COMMENTS = YES;
				CLANG_WARN_EMPTY_BODY = YES;
				CLANG_WARN_ENUM_CONVERSION = YES;
				CLANG_WARN_INFINITE_RECURSION = YES;
				CLANG_WARN_INT_CONVERSION = YES;
				CLANG_WARN_NON_LITERAL_NULL_CONVERSION = YES;
				CLANG_WARN_OBJC_IMPLICIT_RETAIN_SELF = YES;
				CLANG_WARN_OBJC_LITERAL_CONVERSION = YES;
				CLANG_WARN_OBJC_ROOT_CLASS = YES_ERROR;
				CLANG_WARN_RANGE_LOOP_ANALYSIS = YES;
				CLANG_WARN_STRICT_PROTOTYPES = YES;
				CLANG_WARN_SUSPICIOUS_MOVE = YES;
				CLANG_WARN_UNGUARDED_AVAILABILITY = YES_AGGRESSIVE;
				CLANG_WARN_UNREACHABLE_CODE = YES;
				CLANG_WARN__DUPLICATE_METHOD_MATCH = YES;
				COPY_PHASE_STRIP = NO;
				DEBUG_INFORMATION_FORMAT = "dwarf-with-dsym";
				ENABLE_NS_ASSERTIONS = NO;
				ENABLE_STRICT_OBJC_MSGSEND = YES;
				GCC_C_LANGUAGE_STANDARD = gnu11;
				GCC_NO_COMMON_BLOCKS = YES;
				GCC_WARN_64_TO_32_BIT_CONVERSION = YES;
				GCC_WARN_ABOUT_RETURN_TYPE = YES_ERROR;
				GCC_WARN_UNDECLARED_SELECTOR = YES;
				GCC_WARN_UNINITIALIZED_AUTOS = YES_AGGRESSIVE;
				GCC_WARN_UNUSED_FUNCTION = YES;
				GCC_WARN_UNUSED_VARIABLE = YES;
				IPHONEOS_DEPLOYMENT_TARGET = 13.2;
				MTL_ENABLE_DEBUG_INFO = NO;
				MTL_FAST_MATH = YES;
				SDKROOT = iphoneos;
				SWIFT_COMPILATION_MODE = wholemodule;
				SWIFT_OPTIMIZATION_LEVEL = "-O";
				VALIDATE_PRODUCT = YES;
			};
			name = Release;
		};
		5BFBB1C024D88E5200F5DB38 /* Debug */ = {
			isa = XCBuildConfiguration;
			buildSettings = {
				ASSETCATALOG_COMPILER_APPICON_NAME = AppIcon;
				CODE_SIGN_STYLE = Automatic;
				INFOPLIST_FILE = Nilah_M_Pizza_Exercise/Info.plist;
				LD_RUNPATH_SEARCH_PATHS = (
					"$(inherited)",
					"@executable_path/Frameworks",
				);
				PRODUCT_BUNDLE_IDENTIFIER = "com.genesysworksCSP.M..Nilah-M-Pizza-Exercise";
				PRODUCT_NAME = "$(TARGET_NAME)";
				SWIFT_VERSION = 5.0;
				TARGETED_DEVICE_FAMILY = "1,2";
			};
			name = Debug;
		};
		5BFBB1C124D88E5200F5DB38 /* Release */ = {
			isa = XCBuildConfiguration;
			buildSettings = {
				ASSETCATALOG_COMPILER_APPICON_NAME = AppIcon;
				CODE_SIGN_STYLE = Automatic;
				INFOPLIST_FILE = Nilah_M_Pizza_Exercise/Info.plist;
				LD_RUNPATH_SEARCH_PATHS = (
					"$(inherited)",
					"@executable_path/Frameworks",
				);
				PRODUCT_BUNDLE_IDENTIFIER = "com.genesysworksCSP.M..Nilah-M-Pizza-Exercise";
				PRODUCT_NAME = "$(TARGET_NAME)";
				SWIFT_VERSION = 5.0;
				TARGETED_DEVICE_FAMILY = "1,2";
			};
			name = Release;
		};
		5BFBB1C324D88E5200F5DB38 /* Debug */ = {
			isa = XCBuildConfiguration;
			buildSettings = {
				ALWAYS_EMBED_SWIFT_STANDARD_LIBRARIES = YES;
				BUNDLE_LOADER = "$(TEST_HOST)";
				CODE_SIGN_STYLE = Automatic;
				INFOPLIST_FILE = Nilah_M_Pizza_ExerciseTests/Info.plist;
				IPHONEOS_DEPLOYMENT_TARGET = 13.2;
				LD_RUNPATH_SEARCH_PATHS = (
					"$(inherited)",
					"@executable_path/Frameworks",
					"@loader_path/Frameworks",
				);
				PRODUCT_BUNDLE_IDENTIFIER = "com.genesysworksCSP.M..Nilah-M-Pizza-ExerciseTests";
				PRODUCT_NAME = "$(TARGET_NAME)";
				SWIFT_VERSION = 5.0;
				TARGETED_DEVICE_FAMILY = "1,2";
				TEST_HOST = "$(BUILT_PRODUCTS_DIR)/Nilah_M_Pizza_Exercise.app/Nilah_M_Pizza_Exercise";
			};
			name = Debug;
		};
		5BFBB1C424D88E5200F5DB38 /* Release */ = {
			isa = XCBuildConfiguration;
			buildSettings = {
				ALWAYS_EMBED_SWIFT_STANDARD_LIBRARIES = YES;
				BUNDLE_LOADER = "$(TEST_HOST)";
				CODE_SIGN_STYLE = Automatic;
				INFOPLIST_FILE = Nilah_M_Pizza_ExerciseTests/Info.plist;
				IPHONEOS_DEPLOYMENT_TARGET = 13.2;
				LD_RUNPATH_SEARCH_PATHS = (
					"$(inherited)",
					"@executable_path/Frameworks",
					"@loader_path/Frameworks",
				);
				PRODUCT_BUNDLE_IDENTIFIER = "com.genesysworksCSP.M..Nilah-M-Pizza-ExerciseTests";
				PRODUCT_NAME = "$(TARGET_NAME)";
				SWIFT_VERSION = 5.0;
				TARGETED_DEVICE_FAMILY = "1,2";
				TEST_HOST = "$(BUILT_PRODUCTS_DIR)/Nilah_M_Pizza_Exercise.app/Nilah_M_Pizza_Exercise";
			};
			name = Release;
		};
		5BFBB1C624D88E5200F5DB38 /* Debug */ = {
			isa = XCBuildConfiguration;
			buildSettings = {
				ALWAYS_EMBED_SWIFT_STANDARD_LIBRARIES = YES;
				CODE_SIGN_STYLE = Automatic;
				INFOPLIST_FILE = Nilah_M_Pizza_ExerciseUITests/Info.plist;
				LD_RUNPATH_SEARCH_PATHS = (
					"$(inherited)",
					"@executable_path/Frameworks",
					"@loader_path/Frameworks",
				);
				PRODUCT_BUNDLE_IDENTIFIER = "com.genesysworksCSP.M..Nilah-M-Pizza-ExerciseUITests";
				PRODUCT_NAME = "$(TARGET_NAME)";
				SWIFT_VERSION = 5.0;
				TARGETED_DEVICE_FAMILY = "1,2";
				TEST_TARGET_NAME = Nilah_M_Pizza_Exercise;
			};
			name = Debug;
		};
		5BFBB1C724D88E5200F5DB38 /* Release */ = {
			isa = XCBuildConfiguration;
			buildSettings = {
				ALWAYS_EMBED_SWIFT_STANDARD_LIBRARIES = YES;
				CODE_SIGN_STYLE = Automatic;
				INFOPLIST_FILE = Nilah_M_Pizza_ExerciseUITests/Info.plist;
				LD_RUNPATH_SEARCH_PATHS = (
					"$(inherited)",
					"@executable_path/Frameworks",
					"@loader_path/Frameworks",
				);
				PRODUCT_BUNDLE_IDENTIFIER = "com.genesysworksCSP.M..Nilah-M-Pizza-ExerciseUITests";
				PRODUCT_NAME = "$(TARGET_NAME)";
				SWIFT_VERSION = 5.0;
				TARGETED_DEVICE_FAMILY = "1,2";
				TEST_TARGET_NAME = Nilah_M_Pizza_Exercise;
			};
			name = Release;
		};
/* End XCBuildConfiguration section */

/* Begin XCConfigurationList section */
		5BFBB19024D88E5000F5DB38 /* Build configuration list for PBXProject "Nilah_M_Pizza_Exercise" */ = {
			isa = XCConfigurationList;
			buildConfigurations = (
				5BFBB1BD24D88E5200F5DB38 /* Debug */,
				5BFBB1BE24D88E5200F5DB38 /* Release */,
			);
			defaultConfigurationIsVisible = 0;
			defaultConfigurationName = Release;
		};
		5BFBB1BF24D88E5200F5DB38 /* Build configuration list for PBXNativeTarget "Nilah_M_Pizza_Exercise" */ = {
			isa = XCConfigurationList;
			buildConfigurations = (
				5BFBB1C024D88E5200F5DB38 /* Debug */,
				5BFBB1C124D88E5200F5DB38 /* Release */,
			);
			defaultConfigurationIsVisible = 0;
			defaultConfigurationName = Release;
		};
		5BFBB1C224D88E5200F5DB38 /* Build configuration list for PBXNativeTarget "Nilah_M_Pizza_ExerciseTests" */ = {
			isa = XCConfigurationList;
			buildConfigurations = (
				5BFBB1C324D88E5200F5DB38 /* Debug */,
				5BFBB1C424D88E5200F5DB38 /* Release */,
			);
			defaultConfigurationIsVisible = 0;
			defaultConfigurationName = Release;
		};
		5BFBB1C524D88E5200F5DB38 /* Build configuration list for PBXNativeTarget "Nilah_M_Pizza_ExerciseUITests" */ = {
			isa = XCConfigurationList;
			buildConfigurations = (
				5BFBB1C624D88E5200F5DB38 /* Debug */,
				5BFBB1C724D88E5200F5DB38 /* Release */,
			);
			defaultConfigurationIsVisible = 0;
			defaultConfigurationName = Release;
		};
/* End XCConfigurationList section */
	};
	rootObject = 5BFBB18D24D88E5000F5DB38 /* Project object */;
}
